
Microsoft Visual Studio Solution File, Format Version 12.00
# Visual Studio Version 16
VisualStudioVersion = 25.0.1704.0
MinimumVisualStudioVersion = 10.0.40219.1
Project("{FAE04EC0-301F-11D3-BF4B-00C04F79EFBC}") = "TrackFetch.Api", "TrackFetch.Api\TrackFetch.Api.csproj", "{AA1C776E-BA89-4549-8E00-EE2056BDF1AD}"
EndProject
Global
	GlobalSection(SolutionConfigurationPlatforms) = preSolution
		Debug|Any CPU = Debug|Any CPU
		Release|Any CPU = Release|Any CPU
	EndGlobalSection
	GlobalSection(ProjectConfigurationPlatforms) = postSolution
		{AA1C776E-BA89-4549-8E00-EE2056BDF1AD}.Debug|Any CPU.ActiveCfg = Debug|Any CPU
		{AA1C776E-BA89-4549-8E00-EE2056BDF1AD}.Debug|Any CPU.Build.0 = Debug|Any CPU
		{AA1C776E-BA89-4549-8E00-EE2056BDF1AD}.Release|Any CPU.ActiveCfg = Release|Any CPU
		{AA1C776E-BA89-4549-8E00-EE2056BDF1AD}.Release|Any CPU.Build.0 = Release|Any CPU
	EndGlobalSection
	GlobalSection(SolutionProperties) = preSolution
		HideSolutionNode = FALSE
	EndGlobalSection
	GlobalSection(ExtensibilityGlobals) = postSolution
		SolutionGuid = {79683822-838D-483C-BA1D-AF7871FF5A0E}
	EndGlobalSection
EndGlobal
