
Microsoft Visual Studio Solution File, Format Version 12.00
# Visual Studio Version 16
VisualStudioVersion = 25.0.1704.0
MinimumVisualStudioVersion = 10.0.40219.1
Project("{FAE04EC0-301F-11D3-BF4B-00C04F79EFBC}") = "TrackFetch.Api", "src\TrackFetch.Api\TrackFetch.Api.csproj", "{AA1C776E-BA89-4549-8E00-EE2056BDF1AD}"
EndProject
Project("{2150E333-8FDC-42A3-9474-1A3956D46DE8}") = "src", "src", "{8099627D-5958-4846-ABD6-EB6241811843}"
EndProject
Project("{FAE04EC0-301F-11D3-BF4B-00C04F79EFBC}") = "TrackFetch.Api.UnitTests", "tests\TrackFetch.Api.UnitTests\TrackFetch.Api.UnitTests.csproj", "{B28B15BB-3F37-4408-A50A-90E82A7B8E58}"
EndProject
Project("{2150E333-8FDC-42A3-9474-1A3956D46DE8}") = "tests", "tests", "{83BEB761-EE3B-43F0-B881-35150DA3EBFE}"
EndProject
Project("{FAE04EC0-301F-11D3-BF4B-00C04F79EFBC}") = "TrackFetch.Api.Application", "src\TrackFetch.Api.Application\TrackFetch.Api.Application.csproj", "{03612CD4-09EA-4888-8F4C-D2549046C9B3}"
EndProject
Global
	GlobalSection(SolutionConfigurationPlatforms) = preSolution
		Debug|Any CPU = Debug|Any CPU
		Release|Any CPU = Release|Any CPU
	EndGlobalSection
	GlobalSection(ProjectConfigurationPlatforms) = postSolution
		{AA1C776E-BA89-4549-8E00-EE2056BDF1AD}.Debug|Any CPU.ActiveCfg = Debug|Any CPU
		{AA1C776E-BA89-4549-8E00-EE2056BDF1AD}.Debug|Any CPU.Build.0 = Debug|Any CPU
		{AA1C776E-BA89-4549-8E00-EE2056BDF1AD}.Release|Any CPU.ActiveCfg = Release|Any CPU
		{AA1C776E-BA89-4549-8E00-EE2056BDF1AD}.Release|Any CPU.Build.0 = Release|Any CPU
		{B28B15BB-3F37-4408-A50A-90E82A7B8E58}.Debug|Any CPU.ActiveCfg = Debug|Any CPU
		{B28B15BB-3F37-4408-A50A-90E82A7B8E58}.Debug|Any CPU.Build.0 = Debug|Any CPU
		{B28B15BB-3F37-4408-A50A-90E82A7B8E58}.Release|Any CPU.ActiveCfg = Release|Any CPU
		{B28B15BB-3F37-4408-A50A-90E82A7B8E58}.Release|Any CPU.Build.0 = Release|Any CPU
		{03612CD4-09EA-4888-8F4C-D2549046C9B3}.Debug|Any CPU.ActiveCfg = Debug|Any CPU
		{03612CD4-09EA-4888-8F4C-D2549046C9B3}.Debug|Any CPU.Build.0 = Debug|Any CPU
		{03612CD4-09EA-4888-8F4C-D2549046C9B3}.Release|Any CPU.ActiveCfg = Release|Any CPU
		{03612CD4-09EA-4888-8F4C-D2549046C9B3}.Release|Any CPU.Build.0 = Release|Any CPU
	EndGlobalSection
	GlobalSection(SolutionProperties) = preSolution
		HideSolutionNode = FALSE
	EndGlobalSection
	GlobalSection(ExtensibilityGlobals) = postSolution
		SolutionGuid = {79683822-838D-483C-BA1D-AF7871FF5A0E}
	EndGlobalSection
	GlobalSection(NestedProjects) = preSolution
		{AA1C776E-BA89-4549-8E00-EE2056BDF1AD} = {8099627D-5958-4846-ABD6-EB6241811843}
		{B28B15BB-3F37-4408-A50A-90E82A7B8E58} = {83BEB761-EE3B-43F0-B881-35150DA3EBFE}
		{03612CD4-09EA-4888-8F4C-D2549046C9B3} = {8099627D-5958-4846-ABD6-EB6241811843}
	EndGlobalSection
EndGlobal
